
Microsoft Visual Studio Solution File, Format Version 12.00
# Visual Studio Version 17
VisualStudioVersion = 17.10.35122.118
MinimumVisualStudioVersion = 10.0.40219.1
Project("{FAE04EC0-301F-11D3-BF4B-00C04F79EFBC}") = "AuthProvider.Api", "AuthProvider.Api\AuthProvider.Api.csproj", "{EE7A5884-05EB-40AF-A5B8-01DC0485DF00}"
EndProject
Project("{FAE04EC0-301F-11D3-BF4B-00C04F79EFBC}") = "AuthProvider.Data", "AuthProvider.Data\AuthProvider.Data.csproj", "{2175E3D4-81BA-421C-B06A-4D93A792DD05}"
EndProject
Global
	GlobalSection(SolutionConfigurationPlatforms) = preSolution
		Debug|Any CPU = Debug|Any CPU
		Release|Any CPU = Release|Any CPU
	EndGlobalSection
	GlobalSection(ProjectConfigurationPlatforms) = postSolution
		{EE7A5884-05EB-40AF-A5B8-01DC0485DF00}.Debug|Any CPU.ActiveCfg = Debug|Any CPU
		{EE7A5884-05EB-40AF-A5B8-01DC0485DF00}.Debug|Any CPU.Build.0 = Debug|Any CPU
		{EE7A5884-05EB-40AF-A5B8-01DC0485DF00}.Release|Any CPU.ActiveCfg = Release|Any CPU
		{EE7A5884-05EB-40AF-A5B8-01DC0485DF00}.Release|Any CPU.Build.0 = Release|Any CPU
		{2175E3D4-81BA-421C-B06A-4D93A792DD05}.Debug|Any CPU.ActiveCfg = Debug|Any CPU
		{2175E3D4-81BA-421C-B06A-4D93A792DD05}.Debug|Any CPU.Build.0 = Debug|Any CPU
		{2175E3D4-81BA-421C-B06A-4D93A792DD05}.Release|Any CPU.ActiveCfg = Release|Any CPU
		{2175E3D4-81BA-421C-B06A-4D93A792DD05}.Release|Any CPU.Build.0 = Release|Any CPU
	EndGlobalSection
	GlobalSection(SolutionProperties) = preSolution
		HideSolutionNode = FALSE
	EndGlobalSection
	GlobalSection(ExtensibilityGlobals) = postSolution
		SolutionGuid = {82DFC32B-378F-4FCF-9C5F-FD743DD51514}
	EndGlobalSection
EndGlobal
